
Microsoft Visual Studio Solution File, Format Version 12.00
# Visual Studio 15
VisualStudioVersion = 15.0.27004.2009
MinimumVisualStudioVersion = 10.0.40219.1
Project("{FAE04EC0-301F-11D3-BF4B-00C04F79EFBC}") = "Polygon", "Polygon\Polygon.csproj", "{483D9F3B-9C01-4B2B-A73B-61E5C0E91300}"
EndProject
Global
	GlobalSection(SolutionConfigurationPlatforms) = preSolution
		Debug|Any CPU = Debug|Any CPU
		Release|Any CPU = Release|Any CPU
	EndGlobalSection
	GlobalSection(ProjectConfigurationPlatforms) = postSolution
		{483D9F3B-9C01-4B2B-A73B-61E5C0E91300}.Debug|Any CPU.ActiveCfg = Debug|Any CPU
		{483D9F3B-9C01-4B2B-A73B-61E5C0E91300}.Debug|Any CPU.Build.0 = Debug|Any CPU
		{483D9F3B-9C01-4B2B-A73B-61E5C0E91300}.Release|Any CPU.ActiveCfg = Release|Any CPU
		{483D9F3B-9C01-4B2B-A73B-61E5C0E91300}.Release|Any CPU.Build.0 = Release|Any CPU
	EndGlobalSection
	GlobalSection(SolutionProperties) = preSolution
		HideSolutionNode = FALSE
	EndGlobalSection
	GlobalSection(ExtensibilityGlobals) = postSolution
		SolutionGuid = {0D6E34FB-7C03-4F0E-94C7-C136F94254DA}
	EndGlobalSection
EndGlobal
